
Microsoft Visual Studio Solution File, Format Version 12.00
# Visual Studio Version 17
VisualStudioVersion = 17.3.32811.315
MinimumVisualStudioVersion = 10.0.40219.1
Project("{FAE04EC0-301F-11D3-BF4B-00C04F79EFBC}") = "AlgorithmProgramm", "AlgorithmProgramm.csproj", "{EFEC651E-DEB5-47D2-AAC7-25AD2C6D256B}"
EndProject
Global
	GlobalSection(SolutionConfigurationPlatforms) = preSolution
		Debug|Any CPU = Debug|Any CPU
		Release|Any CPU = Release|Any CPU
	EndGlobalSection
	GlobalSection(ProjectConfigurationPlatforms) = postSolution
		{EFEC651E-DEB5-47D2-AAC7-25AD2C6D256B}.Debug|Any CPU.ActiveCfg = Debug|Any CPU
		{EFEC651E-DEB5-47D2-AAC7-25AD2C6D256B}.Debug|Any CPU.Build.0 = Debug|Any CPU
		{EFEC651E-DEB5-47D2-AAC7-25AD2C6D256B}.Release|Any CPU.ActiveCfg = Release|Any CPU
		{EFEC651E-DEB5-47D2-AAC7-25AD2C6D256B}.Release|Any CPU.Build.0 = Release|Any CPU
	EndGlobalSection
	GlobalSection(SolutionProperties) = preSolution
		HideSolutionNode = FALSE
	EndGlobalSection
	GlobalSection(ExtensibilityGlobals) = postSolution
		SolutionGuid = {67043A88-C925-4159-8553-A6B3DEA136C3}
	EndGlobalSection
EndGlobal
